Microsoft Visual Studio Solution File, Format Version 12.00
# Visual Studio Version 17
VisualStudioVersion = 17.1.32210.238
MinimumVisualStudioVersion = 10.0.40219.1
Project("{9A19103F-16F7-4668-BE54-9A1E7A4F7556}") = "QueryPlanParser", "Jantimizer\QueryPlanParser\QueryPlanParser.csproj", "{3B5B3F2D-B086-4473-8A43-85ED29CE6376}"
EndProject
Project("{9A19103F-16F7-4668-BE54-9A1E7A4F7556}") = "QueryPlanParserTests", "Jantimizer\QueryPlanParserTests\QueryPlanParserTests.csproj", "{96FB8101-5B1B-4B0F-93CC-634E7961F782}"
EndProject
Project("{9A19103F-16F7-4668-BE54-9A1E7A4F7556}") = "DatabaseConnector", "Jantimizer\DatabaseConnector\DatabaseConnector.csproj", "{07D2F8BD-EED5-4EA1-BDE8-FA2F8973AFA6}"
EndProject
Project("{9A19103F-16F7-4668-BE54-9A1E7A4F7556}") = "Tools", "Jantimizer\Tools\Tools.csproj", "{5E98EE39-7976-40FF-A6E3-516F50A8271F}"
EndProject
Project("{9A19103F-16F7-4668-BE54-9A1E7A4F7556}") = "DatabaseConnectorTests", "Jantimizer\DatabaseConnectorTests\DatabaseConnectorTests.csproj", "{5888DEDD-1810-4217-A7FC-5D23D7B10AB5}"
EndProject
Project("{9A19103F-16F7-4668-BE54-9A1E7A4F7556}") = "ToolsTests", "Jantimizer\ToolsTests\ToolsTests.csproj", "{1D7B992B-10E6-4D59-88AC-776DE1F683C4}"
EndProject
Project("{9A19103F-16F7-4668-BE54-9A1E7A4F7556}") = "ExperimentSuite", "Jantimizer\ExperimentSuite\ExperimentSuite.csproj", "{E63110D1-2884-40AA-B48F-AF25D68A49B6}"
EndProject
Project("{9A19103F-16F7-4668-BE54-9A1E7A4F7556}") = "ResultsSentinel", "Jantimizer\ResultsSentinel\ResultsSentinel.csproj", "{BADBF216-E3D3-4BA5-9E86-435FC0D75A94}"
EndProject
Project("{2150E333-8FDC-42A3-9474-1A3956D46DE8}") = "Solution Items", "Solution Items", "{790AB211-E66A-402E-BE92-E4924BFEDCCB}"
	ProjectSection(SolutionItems) = preProject
		LICENSE = LICENSE
		README.md = README.md
	EndProjectSection
EndProject
Project("{9A19103F-16F7-4668-BE54-9A1E7A4F7556}") = "QueryEstimator", "Jantimizer\QueryEstimator\QueryEstimator.csproj", "{D1D1D48A-8AB1-4279-9EA5-2B5A437CAC5C}"
EndProject
Project("{9A19103F-16F7-4668-BE54-9A1E7A4F7556}") = "QueryEstimatorTests", "Jantimizer\QueryEstimatorTests\QueryEstimatorTests.csproj", "{E3952B93-B22D-4C22-8CFE-A0EA81372145}"
EndProject
Project("{9A19103F-16F7-4668-BE54-9A1E7A4F7556}") = "Milestonator", "Jantimizer\Milestonator\Milestonator.csproj", "{259D61D6-34D6-4C40-A757-01E7DB1880AF}"
EndProject
Project("{9A19103F-16F7-4668-BE54-9A1E7A4F7556}") = "MilestonatorTests", "Jantimizer\MilestonatorTests\MilestonatorTests.csproj", "{0763189E-A8A1-4C23-9D78-1D4540866E2F}"
EndProject
Project("{FAE04EC0-301F-11D3-BF4B-00C04F79EFBC}") = "JantimizerSystemTests", "Jantimizer\JantimizerSystemTests\JantimizerSystemTests.csproj", "{5ACFF538-D36E-4F59-B9B5-17B19A644364}"
EndProject
Global
	GlobalSection(SolutionConfigurationPlatforms) = preSolution
		Debug|Any CPU = Debug|Any CPU
		Release|Any CPU = Release|Any CPU
	EndGlobalSection
	GlobalSection(ProjectConfigurationPlatforms) = postSolution
		{3B5B3F2D-B086-4473-8A43-85ED29CE6376}.Debug|Any CPU.ActiveCfg = Debug|Any CPU
		{3B5B3F2D-B086-4473-8A43-85ED29CE6376}.Debug|Any CPU.Build.0 = Debug|Any CPU
		{3B5B3F2D-B086-4473-8A43-85ED29CE6376}.Release|Any CPU.ActiveCfg = Release|Any CPU
		{3B5B3F2D-B086-4473-8A43-85ED29CE6376}.Release|Any CPU.Build.0 = Release|Any CPU
		{96FB8101-5B1B-4B0F-93CC-634E7961F782}.Debug|Any CPU.ActiveCfg = Debug|Any CPU
		{96FB8101-5B1B-4B0F-93CC-634E7961F782}.Debug|Any CPU.Build.0 = Debug|Any CPU
		{96FB8101-5B1B-4B0F-93CC-634E7961F782}.Release|Any CPU.ActiveCfg = Release|Any CPU
		{96FB8101-5B1B-4B0F-93CC-634E7961F782}.Release|Any CPU.Build.0 = Release|Any CPU
		{07D2F8BD-EED5-4EA1-BDE8-FA2F8973AFA6}.Debug|Any CPU.ActiveCfg = Debug|Any CPU
		{07D2F8BD-EED5-4EA1-BDE8-FA2F8973AFA6}.Debug|Any CPU.Build.0 = Debug|Any CPU
		{07D2F8BD-EED5-4EA1-BDE8-FA2F8973AFA6}.Release|Any CPU.ActiveCfg = Release|Any CPU
		{07D2F8BD-EED5-4EA1-BDE8-FA2F8973AFA6}.Release|Any CPU.Build.0 = Release|Any CPU
		{5E98EE39-7976-40FF-A6E3-516F50A8271F}.Debug|Any CPU.ActiveCfg = Debug|Any CPU
		{5E98EE39-7976-40FF-A6E3-516F50A8271F}.Debug|Any CPU.Build.0 = Debug|Any CPU
		{5E98EE39-7976-40FF-A6E3-516F50A8271F}.Release|Any CPU.ActiveCfg = Release|Any CPU
		{5E98EE39-7976-40FF-A6E3-516F50A8271F}.Release|Any CPU.Build.0 = Release|Any CPU
		{5888DEDD-1810-4217-A7FC-5D23D7B10AB5}.Debug|Any CPU.ActiveCfg = Debug|Any CPU
		{5888DEDD-1810-4217-A7FC-5D23D7B10AB5}.Debug|Any CPU.Build.0 = Debug|Any CPU
		{5888DEDD-1810-4217-A7FC-5D23D7B10AB5}.Release|Any CPU.ActiveCfg = Release|Any CPU
		{5888DEDD-1810-4217-A7FC-5D23D7B10AB5}.Release|Any CPU.Build.0 = Release|Any CPU
		{1D7B992B-10E6-4D59-88AC-776DE1F683C4}.Debug|Any CPU.ActiveCfg = Debug|Any CPU
		{1D7B992B-10E6-4D59-88AC-776DE1F683C4}.Debug|Any CPU.Build.0 = Debug|Any CPU
		{1D7B992B-10E6-4D59-88AC-776DE1F683C4}.Release|Any CPU.ActiveCfg = Release|Any CPU
		{1D7B992B-10E6-4D59-88AC-776DE1F683C4}.Release|Any CPU.Build.0 = Release|Any CPU
		{E63110D1-2884-40AA-B48F-AF25D68A49B6}.Debug|Any CPU.ActiveCfg = Debug|Any CPU
		{E63110D1-2884-40AA-B48F-AF25D68A49B6}.Debug|Any CPU.Build.0 = Debug|Any CPU
		{E63110D1-2884-40AA-B48F-AF25D68A49B6}.Release|Any CPU.ActiveCfg = Release|Any CPU
		{E63110D1-2884-40AA-B48F-AF25D68A49B6}.Release|Any CPU.Build.0 = Release|Any CPU
		{BADBF216-E3D3-4BA5-9E86-435FC0D75A94}.Debug|Any CPU.ActiveCfg = Debug|Any CPU
		{BADBF216-E3D3-4BA5-9E86-435FC0D75A94}.Debug|Any CPU.Build.0 = Debug|Any CPU
		{BADBF216-E3D3-4BA5-9E86-435FC0D75A94}.Release|Any CPU.ActiveCfg = Release|Any CPU
		{BADBF216-E3D3-4BA5-9E86-435FC0D75A94}.Release|Any CPU.Build.0 = Release|Any CPU
		{D1D1D48A-8AB1-4279-9EA5-2B5A437CAC5C}.Debug|Any CPU.ActiveCfg = Debug|Any CPU
		{D1D1D48A-8AB1-4279-9EA5-2B5A437CAC5C}.Debug|Any CPU.Build.0 = Debug|Any CPU
		{D1D1D48A-8AB1-4279-9EA5-2B5A437CAC5C}.Release|Any CPU.ActiveCfg = Release|Any CPU
		{D1D1D48A-8AB1-4279-9EA5-2B5A437CAC5C}.Release|Any CPU.Build.0 = Release|Any CPU
		{E3952B93-B22D-4C22-8CFE-A0EA81372145}.Debug|Any CPU.ActiveCfg = Debug|Any CPU
		{E3952B93-B22D-4C22-8CFE-A0EA81372145}.Debug|Any CPU.Build.0 = Debug|Any CPU
		{E3952B93-B22D-4C22-8CFE-A0EA81372145}.Release|Any CPU.ActiveCfg = Release|Any CPU
		{E3952B93-B22D-4C22-8CFE-A0EA81372145}.Release|Any CPU.Build.0 = Release|Any CPU
		{259D61D6-34D6-4C40-A757-01E7DB1880AF}.Debug|Any CPU.ActiveCfg = Debug|Any CPU
		{259D61D6-34D6-4C40-A757-01E7DB1880AF}.Debug|Any CPU.Build.0 = Debug|Any CPU
		{259D61D6-34D6-4C40-A757-01E7DB1880AF}.Release|Any CPU.ActiveCfg = Release|Any CPU
		{259D61D6-34D6-4C40-A757-01E7DB1880AF}.Release|Any CPU.Build.0 = Release|Any CPU
		{0763189E-A8A1-4C23-9D78-1D4540866E2F}.Debug|Any CPU.ActiveCfg = Debug|Any CPU
		{0763189E-A8A1-4C23-9D78-1D4540866E2F}.Debug|Any CPU.Build.0 = Debug|Any CPU
		{0763189E-A8A1-4C23-9D78-1D4540866E2F}.Release|Any CPU.ActiveCfg = Release|Any CPU
		{0763189E-A8A1-4C23-9D78-1D4540866E2F}.Release|Any CPU.Build.0 = Release|Any CPU
		{5ACFF538-D36E-4F59-B9B5-17B19A644364}.Debug|Any CPU.ActiveCfg = Debug|Any CPU
		{5ACFF538-D36E-4F59-B9B5-17B19A644364}.Debug|Any CPU.Build.0 = Debug|Any CPU
		{5ACFF538-D36E-4F59-B9B5-17B19A644364}.Release|Any CPU.ActiveCfg = Release|Any CPU
		{5ACFF538-D36E-4F59-B9B5-17B19A644364}.Release|Any CPU.Build.0 = Release|Any CPU
	EndGlobalSection
	GlobalSection(SolutionProperties) = preSolution
		HideSolutionNode = FALSE
	EndGlobalSection
	GlobalSection(ExtensibilityGlobals) = postSolution
		SolutionGuid = {AB10EC97-99DE-4B29-9207-48DAEF3A4390}
	EndGlobalSection
EndGlobal
